<?xml version="1.0" encoding="utf-8"?>
<Project ToolsVersion="4.0" xmlns="http://schemas.microsoft.com/developer/msbuild/2003">
  <ItemGroup>
    <Filter Include="Source Files">
      <UniqueIdentifier>{4FC737F1-C7A5-4376-A066-2A32D752A2FF}</UniqueIdentifier>
      <Extensions>cpp;cxx;c;def</Extensions>
    </Filter>
    <Filter Include="Header Files">
      <UniqueIdentifier>{93995380-89BD-4b04-88EB-625FBE52EBFB}</UniqueIdentifier>
      <Extensions>h</Extensions>
    </Filter>
    <Filter Include="Form Files">
      <UniqueIdentifier>{99349809-55BA-4b9d-BF79-8FDBB0286EB3}</UniqueIdentifier>
      <Extensions>ui</Extensions>
    </Filter>
    <Filter Include="Resource Files">
      <UniqueIdentifier>{D9D6E242-F8AF-46E4-B9FD-80ECBC20BA3E}</UniqueIdentifier>
      <Extensions>qrc;*</Extensions>
      <ParseFiles>false</ParseFiles>
    </Filter>
    <Filter Include="Generated Files">
      <UniqueIdentifier>{71ED8ED8-ACB9-4CE9-BBE1-E00B30144E11}</UniqueIdentifier>
      <Extensions>moc;h;cpp</Extensions>
      <SourceControlFiles>False</SourceControlFiles>
    </Filter>
    <Filter Include="Generated Files\Debug">
      <UniqueIdentifier>{f908d7c5-d3bd-4579-96d5-773897c20d8a}</UniqueIdentifier>
      <Extensions>cpp;moc</Extensions>
      <SourceControlFiles>False</SourceControlFiles>
    </Filter>
    <Filter Include="Generated Files\Release">
      <UniqueIdentifier>{dc167047-c295-4016-b5d9-485f0596e39a}</UniqueIdentifier>
      <Extensions>cpp;moc</Extensions>
      <SourceControlFiles>False</SourceControlFiles>
    </Filter>
    <Filter Include="Utilities">
      <UniqueIdentifier>{7e65480f-f491-4475-9634-28ef3beb6dcb}</UniqueIdentifier>
    </Filter>
    <Filter Include="World">
      <UniqueIdentifier>{68dbd66a-030d-4985-b120-ebfc0b00059a}</UniqueIdentifier>
    </Filter>
    <Filter Include="Build">
      <UniqueIdentifier>{24c1280e-1cbd-4daa-8660-124e1cc1d00b}</UniqueIdentifier>
    </Filter>
    <Filter Include="GeometricObjects">
      <UniqueIdentifier>{61e86c65-a55a-42b3-a8c3-954e51a77330}</UniqueIdentifier>
    </Filter>
    <Filter Include="Tracers">
      <UniqueIdentifier>{18a93f61-56f5-466c-a5c2-ff0a1013d1e7}</UniqueIdentifier>
    </Filter>
    <Filter Include="UserInterface">
      <UniqueIdentifier>{940b85a9-7cbb-42f7-bcb8-9d5f3abcbc50}</UniqueIdentifier>
    </Filter>
    <Filter Include="Samplers">
      <UniqueIdentifier>{03330bdd-36cb-465d-a981-3811d2554898}</UniqueIdentifier>
    </Filter>
    <Filter Include="BRDFs">
      <UniqueIdentifier>{43fd97a6-4a5a-4ab3-82e4-715c992cf773}</UniqueIdentifier>
    </Filter>
    <Filter Include="Cameras">
      <UniqueIdentifier>{8d8710b0-4c91-4f25-9c17-589a95f496ed}</UniqueIdentifier>
    </Filter>
    <Filter Include="Materials">
      <UniqueIdentifier>{f7ae0240-f190-40b5-bbf7-dcd80775917e}</UniqueIdentifier>
    </Filter>
    <Filter Include="GeometricObjects\Triangles">
      <UniqueIdentifier>{930c7ae8-3b57-4050-ac34-1deabd817124}</UniqueIdentifier>
    </Filter>
    <Filter Include="GeometricObjects\Primitives">
      <UniqueIdentifier>{27c4c4b6-ec19-4510-b551-58b2870629c8}</UniqueIdentifier>
    </Filter>
    <Filter Include="GeometricObjects\Part Objects">
      <UniqueIdentifier>{fe693b94-d635-44d3-bb19-e99f3199be29}</UniqueIdentifier>
    </Filter>
    <Filter Include="GeometricObjects\Compound Objects">
      <UniqueIdentifier>{a2e1369f-ae5d-4953-9afc-cc13f20c0bea}</UniqueIdentifier>
    </Filter>
    <Filter Include="BTDFs">
      <UniqueIdentifier>{30f653e6-480d-44ca-8fa6-670d40200cad}</UniqueIdentifier>
    </Filter>
    <Filter Include="Textures">
      <UniqueIdentifier>{acb803de-6af6-4e44-94fc-98f8be9d338c}</UniqueIdentifier>
    </Filter>
    <Filter Include="Mappings">
      <UniqueIdentifier>{83d37ce4-0024-45c9-acd4-11e1dd129ed9}</UniqueIdentifier>
    </Filter>
    <Filter Include="Textures NoiseBased">
      <UniqueIdentifier>{413f7499-5f43-494a-b86a-e5b2e4dc4d13}</UniqueIdentifier>
    </Filter>
    <Filter Include="Lights">
      <UniqueIdentifier>{4c4362e6-3235-4e82-8090-5af5c03fb9df}</UniqueIdentifier>
    </Filter>
  </ItemGroup>
  <ItemGroup>
    <ClCompile Include="main.cpp">
      <Filter>Source Files</Filter>
    </ClCompile>
    <ClCompile Include="GeneratedFiles\Debug\moc_tangletracer.cpp">
      <Filter>Generated Files\Debug</Filter>
    </ClCompile>
    <ClCompile Include="GeneratedFiles\Release\moc_tangletracer.cpp">
      <Filter>Generated Files\Release</Filter>
    </ClCompile>
    <ClCompile Include="GeneratedFiles\qrc_tangletracer.cpp">
      <Filter>Generated Files</Filter>
    </ClCompile>
    <ClCompile Include="stdafx.cpp">
      <Filter>Source Files</Filter>
    </ClCompile>
    <ClCompile Include="Matrix.cpp">
      <Filter>Utilities</Filter>
    </ClCompile>
    <ClCompile Include="Normal.cpp">
      <Filter>Utilities</Filter>
    </ClCompile>
    <ClCompile Include="RGBColor.cpp">
      <Filter>Utilities</Filter>
    </ClCompile>
    <ClCompile Include="ViewPlane.cpp">
      <Filter>World</Filter>
    </ClCompile>
    <ClCompile Include="World.cpp">
      <Filter>World</Filter>
    </ClCompile>
    <ClCompile Include="Point3D.cpp">
      <Filter>Utilities</Filter>
    </ClCompile>
    <ClCompile Include="Ray.cpp">
      <Filter>Utilities</Filter>
    </ClCompile>
    <ClCompile Include="ShadeRec.cpp">
      <Filter>Utilities</Filter>
    </ClCompile>
    <ClCompile Include="Vector3D.cpp">
      <Filter>Utilities</Filter>
    </ClCompile>
    <ClCompile Include="GeometricObject.cpp">
      <Filter>GeometricObjects</Filter>
    </ClCompile>
    <ClCompile Include="MultipleObjects.cpp">
      <Filter>Tracers</Filter>
    </ClCompile>
    <ClCompile Include="SingleSphere.cpp">
      <Filter>Tracers</Filter>
    </ClCompile>
    <ClCompile Include="Tracer.cpp">
      <Filter>Tracers</Filter>
    </ClCompile>
    <ClCompile Include="tangletracer.cpp">
      <Filter>UserInterface</Filter>
    </ClCompile>
    <ClCompile Include="RenderCanvas.cpp">
      <Filter>UserInterface</Filter>
    </ClCompile>
    <ClCompile Include="RenderPixel.cpp">
      <Filter>UserInterface</Filter>
    </ClCompile>
    <ClCompile Include="RenderThread.cpp">
      <Filter>UserInterface</Filter>
    </ClCompile>
    <ClCompile Include="GeneratedFiles\Debug\moc_tangeimagesize.cpp">
      <Filter>Generated Files\Debug</Filter>
    </ClCompile>
    <ClCompile Include="GeneratedFiles\Release\moc_tangeimagesize.cpp">
      <Filter>Generated Files\Release</Filter>
    </ClCompile>
    <ClCompile Include="tangeimagesize.cpp">
      <Filter>UserInterface</Filter>
    </ClCompile>
    <ClCompile Include="Sampler.cpp">
      <Filter>Samplers</Filter>
    </ClCompile>
    <ClCompile Include="Point2D.cpp">
      <Filter>Utilities</Filter>
    </ClCompile>
    <ClCompile Include="Regular.cpp">
      <Filter>Samplers</Filter>
    </ClCompile>
    <ClCompile Include="PureRandom.cpp">
      <Filter>Samplers</Filter>
    </ClCompile>
    <ClCompile Include="NRooks.cpp">
      <Filter>Samplers</Filter>
    </ClCompile>
    <ClCompile Include="MultiJittered.cpp">
      <Filter>Samplers</Filter>
    </ClCompile>
    <ClCompile Include="Jittered.cpp">
      <Filter>Samplers</Filter>
    </ClCompile>
    <ClCompile Include="Hammersley.cpp">
      <Filter>Samplers</Filter>
    </ClCompile>
    <ClCompile Include="BRDF.cpp">
      <Filter>BRDFs</Filter>
    </ClCompile>
    <ClCompile Include="Lambertian.cpp">
      <Filter>BRDFs</Filter>
    </ClCompile>
    <ClCompile Include="GlossySpecular.cpp">
      <Filter>BRDFs</Filter>
    </ClCompile>
    <ClCompile Include="PerfectSpecular.cpp">
      <Filter>BRDFs</Filter>
    </ClCompile>
    <ClCompile Include="Camera.cpp">
      <Filter>Cameras</Filter>
    </ClCompile>
    <ClCompile Include="Pinhole.cpp">
      <Filter>Cameras</Filter>
    </ClCompile>
    <ClCompile Include="ThinLens.cpp">
      <Filter>Cameras</Filter>
    </ClCompile>
    <ClCompile Include="FishEye.cpp">
      <Filter>Cameras</Filter>
    </ClCompile>
    <ClCompile Include="Spherical.cpp">
      <Filter>Cameras</Filter>
    </ClCompile>
    <ClCompile Include="StereoCamera.cpp">
      <Filter>Cameras</Filter>
    </ClCompile>
    <ClCompile Include="Light.cpp">
      <Filter>Lights</Filter>
    </ClCompile>
    <ClCompile Include="Directional.cpp">
      <Filter>Lights</Filter>
    </ClCompile>
    <ClCompile Include="AreaLight.cpp">
      <Filter>Lights</Filter>
    </ClCompile>
    <ClCompile Include="Ambient.cpp">
      <Filter>Lights</Filter>
    </ClCompile>
    <ClCompile Include="PointLight.cpp">
      <Filter>Lights</Filter>
    </ClCompile>
    <ClCompile Include="Material.cpp">
      <Filter>Materials</Filter>
    </ClCompile>
    <ClCompile Include="Matte.cpp">
      <Filter>Materials</Filter>
    </ClCompile>
    <ClCompile Include="RayCast.cpp">
      <Filter>Tracers</Filter>
    </ClCompile>
    <ClCompile Include="Phong.cpp">
      <Filter>Materials</Filter>
    </ClCompile>
    <ClCompile Include="AmbientOccluder.cpp">
      <Filter>Lights</Filter>
    </ClCompile>
    <ClCompile Include="Emissive.cpp">
      <Filter>Materials</Filter>
    </ClCompile>
    <ClCompile Include="EnvironmentLight.cpp">
      <Filter>Lights</Filter>
    </ClCompile>
    <ClCompile Include="AreaLighting.cpp">
      <Filter>Tracers</Filter>
    </ClCompile>
    <ClCompile Include="BBox.cpp">
      <Filter>Utilities</Filter>
    </ClCompile>
    <ClCompile Include="Triangle.cpp">
      <Filter>GeometricObjects\Triangles</Filter>
    </ClCompile>
    <ClCompile Include="Plane.cpp">
      <Filter>GeometricObjects\Primitives</Filter>
    </ClCompile>
    <ClCompile Include="Sphere.cpp">
      <Filter>GeometricObjects\Primitives</Filter>
    </ClCompile>
    <ClCompile Include="Rectangle.cpp">
      <Filter>GeometricObjects\Primitives</Filter>
    </ClCompile>
    <ClCompile Include="Torus.cpp">
      <Filter>GeometricObjects\Primitives</Filter>
    </ClCompile>
    <ClCompile Include="OpenCylinder.cpp">
      <Filter>GeometricObjects\Primitives</Filter>
    </ClCompile>
    <ClCompile Include="ConvexPartSphere.cpp">
      <Filter>GeometricObjects\Part Objects</Filter>
    </ClCompile>
    <ClCompile Include="Compound.cpp">
      <Filter>GeometricObjects\Compound Objects</Filter>
    </ClCompile>
    <ClCompile Include="SolidCylinder.cpp">
      <Filter>GeometricObjects\Compound Objects</Filter>
    </ClCompile>
    <ClCompile Include="Disk.cpp">
      <Filter>GeometricObjects\Primitives</Filter>
    </ClCompile>
    <ClCompile Include="Maths.cpp">
      <Filter>Utilities</Filter>
    </ClCompile>
    <ClCompile Include="Box.cpp">
      <Filter>GeometricObjects\Primitives</Filter>
    </ClCompile>
    <ClCompile Include="Instance.cpp">
      <Filter>GeometricObjects</Filter>
    </ClCompile>
    <ClCompile Include="BeveledCylinder.cpp">
      <Filter>GeometricObjects\Compound Objects</Filter>
    </ClCompile>
    <ClCompile Include="Mesh.cpp">
      <Filter>Utilities</Filter>
    </ClCompile>
    <ClCompile Include="Grid.cpp">
      <Filter>GeometricObjects\Compound Objects</Filter>
    </ClCompile>
    <ClCompile Include="ply.cpp">
      <Filter>Utilities</Filter>
    </ClCompile>
    <ClCompile Include="MeshTriangle.cpp">
      <Filter>GeometricObjects\Triangles</Filter>
    </ClCompile>
    <ClCompile Include="FlatMeshTriangle.cpp">
      <Filter>GeometricObjects\Triangles</Filter>
    </ClCompile>
    <ClCompile Include="SmoothMeshTriangle.cpp">
      <Filter>GeometricObjects\Triangles</Filter>
    </ClCompile>
    <ClCompile Include="SmoothTriangle.cpp">
      <Filter>GeometricObjects\Triangles</Filter>
    </ClCompile>
    <ClCompile Include="Whitted.cpp">
      <Filter>Tracers</Filter>
    </ClCompile>
    <ClCompile Include="Reflective.cpp">
      <Filter>Materials</Filter>
    </ClCompile>
    <ClCompile Include="GlossyReflector.cpp">
      <Filter>Materials</Filter>
    </ClCompile>
    <ClCompile Include="PathTrace.cpp">
      <Filter>Tracers</Filter>
    </ClCompile>
    <ClCompile Include="GlobalTrace.cpp">
      <Filter>Tracers</Filter>
    </ClCompile>
    <ClCompile Include="BTDF.cpp">
      <Filter>BTDFs</Filter>
    </ClCompile>
    <ClCompile Include="PerfectTransmitter.cpp">
      <Filter>BTDFs</Filter>
    </ClCompile>
    <ClCompile Include="Transparent.cpp">
      <Filter>Materials</Filter>
    </ClCompile>
    <ClCompile Include="Dielectric.cpp">
      <Filter>Materials</Filter>
    </ClCompile>
    <ClCompile Include="FresnelReflector.cpp">
      <Filter>BRDFs</Filter>
    </ClCompile>
    <ClCompile Include="FresnelTransmitter.cpp">
      <Filter>BTDFs</Filter>
    </ClCompile>
    <ClCompile Include="ConcaveLens.cpp">
      <Filter>GeometricObjects\Compound Objects</Filter>
    </ClCompile>
    <ClCompile Include="CutFace.cpp">
      <Filter>GeometricObjects</Filter>
    </ClCompile>
    <ClCompile Include="FishBowl.cpp">
      <Filter>GeometricObjects\Compound Objects</Filter>
    </ClCompile>
    <ClCompile Include="GlassOfWater.cpp">
      <Filter>GeometricObjects\Compound Objects</Filter>
    </ClCompile>
    <ClCompile Include="Texture.cpp">
      <Filter>Textures</Filter>
    </ClCompile>
    <ClCompile Include="ConstantColor.cpp">
      <Filter>Textures</Filter>
    </ClCompile>
    <ClCompile Include="SV_Lambertian.cpp">
      <Filter>BRDFs</Filter>
    </ClCompile>
    <ClCompile Include="SV_Matte.cpp">
      <Filter>Materials</Filter>
    </ClCompile>
    <ClCompile Include="ImageTexture.cpp">
      <Filter>Textures</Filter>
    </ClCompile>
    <ClCompile Include="Image.cpp">
      <Filter>Textures</Filter>
    </ClCompile>
    <ClCompile Include="Mapping.cpp">
      <Filter>Mappings</Filter>
    </ClCompile>
    <ClCompile Include="SphericalMap.cpp">
      <Filter>Mappings</Filter>
    </ClCompile>
    <ClCompile Include="RectangularMap.cpp">
      <Filter>Mappings</Filter>
    </ClCompile>
    <ClCompile Include="CylindericalMap.cpp">
      <Filter>Mappings</Filter>
    </ClCompile>
    <ClCompile Include="LightProbeMap.cpp">
      <Filter>Mappings</Filter>
    </ClCompile>
    <ClCompile Include="SmoothUVMeshTriangle.cpp">
      <Filter>GeometricObjects\Triangles</Filter>
    </ClCompile>
    <ClCompile Include="FlatUVMeshTriangle.cpp">
      <Filter>GeometricObjects\Triangles</Filter>
    </ClCompile>
    <ClCompile Include="Checker3D.cpp">
      <Filter>Textures</Filter>
    </ClCompile>
    <ClCompile Include="SphereChecker.cpp">
      <Filter>Textures</Filter>
    </ClCompile>
    <ClCompile Include="PlaneChecker.cpp">
      <Filter>Textures</Filter>
    </ClCompile>
    <ClCompile Include="TInstance.cpp">
      <Filter>Textures</Filter>
    </ClCompile>
    <ClCompile Include="LatticeNoise.cpp">
      <Filter>Textures NoiseBased</Filter>
    </ClCompile>
    <ClCompile Include="LinearNoise.cpp">
      <Filter>Textures NoiseBased</Filter>
    </ClCompile>
    <ClCompile Include="CubicNoise.cpp">
      <Filter>Textures NoiseBased</Filter>
    </ClCompile>
    <ClCompile Include="FBmTexture.cpp">
      <Filter>Textures NoiseBased</Filter>
    </ClCompile>
    <ClCompile Include="RampFBmTexture.cpp">
      <Filter>Textures NoiseBased</Filter>
    </ClCompile>
    <ClCompile Include="WrappedFBmTexture.cpp">
      <Filter>Textures NoiseBased</Filter>
    </ClCompile>
    <ClCompile Include="WrappedTwoColors.cpp">
      <Filter>Textures NoiseBased</Filter>
    </ClCompile>
    <ClCompile Include="Wood.cpp">
      <Filter>Textures NoiseBased</Filter>
    </ClCompile>
    <ClCompile Include="SV_Phong.cpp">
      <Filter>Materials</Filter>
    </ClCompile>
    <ClCompile Include="SV_GlossySpecular.cpp">
      <Filter>BRDFs</Filter>
    </ClCompile>
    <ClCompile Include="Build.cpp">
      <Filter>Build</Filter>
    </ClCompile>
    <ClCompile Include="Orthographic.cpp">
      <Filter>Cameras</Filter>
    </ClCompile>
    <ClCompile Include="WireframeBox.cpp">
      <Filter>GeometricObjects\Compound Objects</Filter>
    </ClCompile>
    <ClCompile Include="ConvexPartCylinder.cpp">
      <Filter>GeometricObjects\Part Objects</Filter>
    </ClCompile>
    <ClCompile Include="OpenPartCylinder.cpp">
      <Filter>GeometricObjects\Part Objects</Filter>
    </ClCompile>
    <ClCompile Include="JitteredDirectional.cpp">
      <Filter>Lights</Filter>
    </ClCompile>
    <ClCompile Include="ConcaveSphere.cpp">
      <Filter>GeometricObjects\Primitives</Filter>
    </ClCompile>
    <ClCompile Include="ConcaveHemisphere.cpp">
      <Filter>GeometricObjects\Primitives</Filter>
    </ClCompile>
    <ClCompile Include="FakeSphericalLight.cpp">
      <Filter>Lights</Filter>
    </ClCompile>
    <ClCompile Include="FirstHit.cpp">
      <Filter>Tracers</Filter>
    </ClCompile>
    <ClCompile Include="OpenCone.cpp">
      <Filter>GeometricObjects\Primitives</Filter>
    </ClCompile>
    <ClCompile Include="ConeChecker.cpp">
      <Filter>Textures</Filter>
    </ClCompile>
    <ClCompile Include="Annulus.cpp">
      <Filter>GeometricObjects\Primitives</Filter>
    </ClCompile>
    <ClCompile Include="FlatRimmedBowl.cpp">
      <Filter>GeometricObjects\Compound Objects</Filter>
    </ClCompile>
    <ClCompile Include="ConcavePartSphere.cpp">
      <Filter>GeometricObjects\Part Objects</Filter>
    </ClCompile>
    <ClCompile Include="RoundRimmedBowl.cpp">
      <Filter>GeometricObjects\Compound Objects</Filter>
    </ClCompile>
    <ClCompile Include="ThickRing.cpp">
      <Filter>GeometricObjects\Compound Objects</Filter>
    </ClCompile>
    <ClCompile Include="BeveledRing.cpp">
      <Filter>GeometricObjects\Compound Objects</Filter>
    </ClCompile>
    <ClCompile Include="BeveledBox.cpp">
      <Filter>GeometricObjects\Compound Objects</Filter>
    </ClCompile>
    <ClCompile Include="BeveledWedge.cpp">
      <Filter>GeometricObjects\Compound Objects</Filter>
    </ClCompile>
    <ClCompile Include="SV_Emissive.cpp">
      <Filter>Materials</Filter>
    </ClCompile>
    <ClCompile Include="SphereMaterials.cpp">
      <Filter>Materials</Filter>
    </ClCompile>
    <ClCompile Include="SolidCone.cpp">
      <Filter>GeometricObjects\Compound Objects</Filter>
    </ClCompile>
    <ClCompile Include="SV_GlossyReflector.cpp">
      <Filter>Materials</Filter>
    </ClCompile>
    <ClCompile Include="ConcavePartCylinder.cpp">
      <Filter>GeometricObjects\Part Objects</Filter>
    </ClCompile>
    <ClCompile Include="BeveledBoxShell.cpp">
      <Filter>GeometricObjects\Compound Objects</Filter>
    </ClCompile>
    <ClCompile Include="ConvexOpenCylinder.cpp">
      <Filter>GeometricObjects\Primitives</Filter>
    </ClCompile>
    <ClCompile Include="ConcavePartTorus.cpp">
      <Filter>GeometricObjects\Part Objects</Filter>
    </ClCompile>
    <ClCompile Include="ConvexPartTorus.cpp">
      <Filter>GeometricObjects\Part Objects</Filter>
    </ClCompile>
    <ClCompile Include="HemisphericalMap.cpp">
      <Filter>Mappings</Filter>
    </ClCompile>
    <ClCompile Include="ProductJar.cpp">
      <Filter>GeometricObjects\Compound Objects</Filter>
    </ClCompile>
    <ClCompile Include="CutCube.cpp">
      <Filter>GeometricObjects</Filter>
    </ClCompile>
    <ClCompile Include="CylinderChecker.cpp">
      <Filter>Textures</Filter>
    </ClCompile>
    <ClCompile Include="DiskChecker.cpp">
      <Filter>Textures</Filter>
    </ClCompile>
    <ClCompile Include="RectangleChecker.cpp">
      <Filter>Textures</Filter>
    </ClCompile>
    <ClCompile Include="TurbulenceTexture.cpp">
      <Filter>Textures NoiseBased</Filter>
    </ClCompile>
    <ClCompile Include="SphereTextures.cpp">
      <Filter>Textures</Filter>
    </ClCompile>
    <ClCompile Include="WrappedThreeColors.cpp">
      <Filter>Textures NoiseBased</Filter>
    </ClCompile>
    <ClCompile Include="NestedNoisesTexture.cpp">
      <Filter>Textures NoiseBased</Filter>
    </ClCompile>
    <ClCompile Include="WrappedRamp.cpp">
      <Filter>Textures NoiseBased</Filter>
    </ClCompile>
    <ClCompile Include="PartAnnulus.cpp">
      <Filter>GeometricObjects\Part Objects</Filter>
    </ClCompile>
    <ClCompile Include="Rosette.cpp">
      <Filter>GeometricObjects\Compound Objects</Filter>
    </ClCompile>
    <ClCompile Include="Archway.cpp">
      <Filter>GeometricObjects\Compound Objects</Filter>
    </ClCompile>
    <ClCompile Include="AnotherRosette.cpp">
      <Filter>GeometricObjects\Compound Objects</Filter>
    </ClCompile>
    <ClCompile Include="SV_Reflector.cpp">
      <Filter>Materials</Filter>
    </ClCompile>
    <ClCompile Include="SV_PerfectSpecular.cpp">
      <Filter>BRDFs</Filter>
    </ClCompile>
  </ItemGroup>
  <ItemGroup>
    <CustomBuild Include="tangletracer.ui">
      <Filter>Form Files</Filter>
    </CustomBuild>
    <CustomBuild Include="tangletracer.qrc">
      <Filter>Resource Files</Filter>
    </CustomBuild>
    <CustomBuild Include="tangletracer.h">
      <Filter>UserInterface</Filter>
    </CustomBuild>
    <CustomBuild Include="imagesize.ui">
      <Filter>Form Files</Filter>
    </CustomBuild>
    <CustomBuild Include="tangeimagesize.h">
      <Filter>UserInterface</Filter>
    </CustomBuild>
  </ItemGroup>
  <ItemGroup>
    <ClInclude Include="GeneratedFiles\ui_tangletracer.h">
      <Filter>Generated Files</Filter>
    </ClInclude>
    <ClInclude Include="stdafx.h">
      <Filter>Header Files</Filter>
    </ClInclude>
    <ClInclude Include="Matrix.h">
      <Filter>Utilities</Filter>
    </ClInclude>
    <ClInclude Include="Normal.h">
      <Filter>Utilities</Filter>
    </ClInclude>
    <ClInclude Include="RGBColor.h">
      <Filter>Utilities</Filter>
    </ClInclude>
    <ClInclude Include="ViewPlane.h">
      <Filter>World</Filter>
    </ClInclude>
    <ClInclude Include="World.h">
      <Filter>World</Filter>
    </ClInclude>
    <ClInclude Include="Maths.h">
      <Filter>Utilities</Filter>
    </ClInclude>
    <ClInclude Include="Constants.h">
      <Filter>Utilities</Filter>
    </ClInclude>
    <ClInclude Include="Point3D.h">
      <Filter>Utilities</Filter>
    </ClInclude>
    <ClInclude Include="Ray.h">
      <Filter>Utilities</Filter>
    </ClInclude>
    <ClInclude Include="ShadeRec.h">
      <Filter>Utilities</Filter>
    </ClInclude>
    <ClInclude Include="Vector3D.h">
      <Filter>Utilities</Filter>
    </ClInclude>
    <ClInclude Include="GeometricObject.h">
      <Filter>GeometricObjects</Filter>
    </ClInclude>
    <ClInclude Include="MultipleObjects.h">
      <Filter>Tracers</Filter>
    </ClInclude>
    <ClInclude Include="SingleSphere.h">
      <Filter>Tracers</Filter>
    </ClInclude>
    <ClInclude Include="Tracer.h">
      <Filter>Tracers</Filter>
    </ClInclude>
    <ClInclude Include="RenderCanvas.h">
      <Filter>UserInterface</Filter>
    </ClInclude>
    <ClInclude Include="RenderPixel.h">
      <Filter>UserInterface</Filter>
    </ClInclude>
    <ClInclude Include="RenderThread.h">
      <Filter>UserInterface</Filter>
    </ClInclude>
    <ClInclude Include="GeneratedFiles\ui_imagesize.h">
      <Filter>Generated Files</Filter>
    </ClInclude>
    <ClInclude Include="Sampler.h">
      <Filter>Samplers</Filter>
    </ClInclude>
    <ClInclude Include="Point2D.h">
      <Filter>Utilities</Filter>
    </ClInclude>
    <ClInclude Include="Regular.h">
      <Filter>Samplers</Filter>
    </ClInclude>
    <ClInclude Include="PureRandom.h">
      <Filter>Samplers</Filter>
    </ClInclude>
    <ClInclude Include="NRooks.h">
      <Filter>Samplers</Filter>
    </ClInclude>
    <ClInclude Include="MultiJittered.h">
      <Filter>Samplers</Filter>
    </ClInclude>
    <ClInclude Include="Jittered.h">
      <Filter>Samplers</Filter>
    </ClInclude>
    <ClInclude Include="Hammersley.h">
      <Filter>Samplers</Filter>
    </ClInclude>
    <ClInclude Include="BRDF.h">
      <Filter>BRDFs</Filter>
    </ClInclude>
    <ClInclude Include="Lambertian.h">
      <Filter>BRDFs</Filter>
    </ClInclude>
    <ClInclude Include="GlossySpecular.h">
      <Filter>BRDFs</Filter>
    </ClInclude>
    <ClInclude Include="PerfectSpecular.h">
      <Filter>BRDFs</Filter>
    </ClInclude>
    <ClInclude Include="Camera.h">
      <Filter>Cameras</Filter>
    </ClInclude>
    <ClInclude Include="Pinhole.h">
      <Filter>Cameras</Filter>
    </ClInclude>
    <ClInclude Include="ThinLens.h">
      <Filter>Cameras</Filter>
    </ClInclude>
    <ClInclude Include="FishEye.h">
      <Filter>Cameras</Filter>
    </ClInclude>
    <ClInclude Include="Spherical.h">
      <Filter>Cameras</Filter>
    </ClInclude>
    <ClInclude Include="StereoCamera.h">
      <Filter>Cameras</Filter>
    </ClInclude>
    <ClInclude Include="Light.h">
      <Filter>Lights</Filter>
    </ClInclude>
    <ClInclude Include="Directional.h">
      <Filter>Lights</Filter>
    </ClInclude>
    <ClInclude Include="AreaLight.h">
      <Filter>Lights</Filter>
    </ClInclude>
    <ClInclude Include="Ambient.h">
      <Filter>Lights</Filter>
    </ClInclude>
    <ClInclude Include="PointLight.h">
      <Filter>Lights</Filter>
    </ClInclude>
    <ClInclude Include="Material.h">
      <Filter>Materials</Filter>
    </ClInclude>
    <ClInclude Include="Matte.h">
      <Filter>Materials</Filter>
    </ClInclude>
    <ClInclude Include="RayCast.h">
      <Filter>Tracers</Filter>
    </ClInclude>
    <ClInclude Include="Phong.h">
      <Filter>Materials</Filter>
    </ClInclude>
    <ClInclude Include="AmbientOccluder.h">
      <Filter>Lights</Filter>
    </ClInclude>
    <ClInclude Include="Emissive.h">
      <Filter>Materials</Filter>
    </ClInclude>
    <ClInclude Include="EnvironmentLight.h">
      <Filter>Lights</Filter>
    </ClInclude>
    <ClInclude Include="AreaLighting.h">
      <Filter>Tracers</Filter>
    </ClInclude>
    <ClInclude Include="BBox.h">
      <Filter>Utilities</Filter>
    </ClInclude>
    <ClInclude Include="Triangle.h">
      <Filter>GeometricObjects\Triangles</Filter>
    </ClInclude>
    <ClInclude Include="Plane.h">
      <Filter>GeometricObjects\Primitives</Filter>
    </ClInclude>
    <ClInclude Include="Sphere.h">
      <Filter>GeometricObjects\Primitives</Filter>
    </ClInclude>
    <ClInclude Include="Rectangle.h">
      <Filter>GeometricObjects\Primitives</Filter>
    </ClInclude>
    <ClInclude Include="Torus.h">
      <Filter>GeometricObjects\Primitives</Filter>
    </ClInclude>
    <ClInclude Include="OpenCylinder.h">
      <Filter>GeometricObjects\Primitives</Filter>
    </ClInclude>
    <ClInclude Include="ConvexPartSphere.h">
      <Filter>GeometricObjects\Part Objects</Filter>
    </ClInclude>
    <ClInclude Include="Compound.h">
      <Filter>GeometricObjects\Compound Objects</Filter>
    </ClInclude>
    <ClInclude Include="SolidCylinder.h">
      <Filter>GeometricObjects\Compound Objects</Filter>
    </ClInclude>
    <ClInclude Include="Disk.h">
      <Filter>GeometricObjects\Primitives</Filter>
    </ClInclude>
    <ClInclude Include="Box.h">
      <Filter>GeometricObjects\Primitives</Filter>
    </ClInclude>
    <ClInclude Include="Instance.h">
      <Filter>GeometricObjects</Filter>
    </ClInclude>
    <ClInclude Include="BeveledCylinder.h">
      <Filter>GeometricObjects\Compound Objects</Filter>
    </ClInclude>
    <ClInclude Include="Mesh.h">
      <Filter>Utilities</Filter>
    </ClInclude>
    <ClInclude Include="Grid.h">
      <Filter>GeometricObjects\Compound Objects</Filter>
    </ClInclude>
    <ClInclude Include="ply.h">
      <Filter>Utilities</Filter>
    </ClInclude>
    <ClInclude Include="MeshTriangle.h">
      <Filter>GeometricObjects\Triangles</Filter>
    </ClInclude>
    <ClInclude Include="FlatMeshTriangle.h">
      <Filter>GeometricObjects\Triangles</Filter>
    </ClInclude>
    <ClInclude Include="SmoothMeshTriangle.h">
      <Filter>GeometricObjects\Triangles</Filter>
    </ClInclude>
    <ClInclude Include="SmoothTriangle.h">
      <Filter>GeometricObjects\Triangles</Filter>
    </ClInclude>
    <ClInclude Include="Whitted.h">
      <Filter>Tracers</Filter>
    </ClInclude>
    <ClInclude Include="Reflective.h">
      <Filter>Materials</Filter>
    </ClInclude>
    <ClInclude Include="GlossyReflector.h">
      <Filter>Materials</Filter>
    </ClInclude>
    <ClInclude Include="PathTrace.h">
      <Filter>Tracers</Filter>
    </ClInclude>
    <ClInclude Include="GlobalTrace.h">
      <Filter>Tracers</Filter>
    </ClInclude>
    <ClInclude Include="BTDF.h">
      <Filter>BTDFs</Filter>
    </ClInclude>
    <ClInclude Include="PerfectTransmitter.h">
      <Filter>BTDFs</Filter>
    </ClInclude>
    <ClInclude Include="Transparent.h">
      <Filter>Materials</Filter>
    </ClInclude>
    <ClInclude Include="Dielectric.h">
      <Filter>Materials</Filter>
    </ClInclude>
    <ClInclude Include="FresnelReflector.h">
      <Filter>BRDFs</Filter>
    </ClInclude>
    <ClInclude Include="FresnelTransmitter.h">
      <Filter>BTDFs</Filter>
    </ClInclude>
    <ClInclude Include="ConcaveLens.h">
      <Filter>GeometricObjects\Compound Objects</Filter>
    </ClInclude>
    <ClInclude Include="CutFace.h">
      <Filter>GeometricObjects</Filter>
    </ClInclude>
    <ClInclude Include="FishBowl.h">
      <Filter>GeometricObjects\Compound Objects</Filter>
    </ClInclude>
    <ClInclude Include="GlassOfWater.h">
      <Filter>GeometricObjects\Compound Objects</Filter>
    </ClInclude>
    <ClInclude Include="Texture.h">
      <Filter>Textures</Filter>
    </ClInclude>
    <ClInclude Include="ConstantColor.h">
      <Filter>Textures</Filter>
    </ClInclude>
    <ClInclude Include="SV_Lambertian.h">
      <Filter>BRDFs</Filter>
    </ClInclude>
    <ClInclude Include="SV_Matte.h">
      <Filter>Materials</Filter>
    </ClInclude>
    <ClInclude Include="ImageTexture.h">
      <Filter>Textures</Filter>
    </ClInclude>
    <ClInclude Include="Image.h">
      <Filter>Textures</Filter>
    </ClInclude>
    <ClInclude Include="Mapping.h">
      <Filter>Mappings</Filter>
    </ClInclude>
    <ClInclude Include="SphericalMap.h">
      <Filter>Mappings</Filter>
    </ClInclude>
    <ClInclude Include="RectangularMap.h">
      <Filter>Mappings</Filter>
    </ClInclude>
    <ClInclude Include="CylindericalMap.h">
      <Filter>Mappings</Filter>
    </ClInclude>
    <ClInclude Include="LightProbeMap.h">
      <Filter>Mappings</Filter>
    </ClInclude>
    <ClInclude Include="SmoothUVMeshTriangle.h">
      <Filter>GeometricObjects\Triangles</Filter>
    </ClInclude>
    <ClInclude Include="FlatUVMeshTriangle.h">
      <Filter>GeometricObjects\Triangles</Filter>
    </ClInclude>
    <ClInclude Include="Checker3D.h">
      <Filter>Textures</Filter>
    </ClInclude>
    <ClInclude Include="SphereChecker.h">
      <Filter>Textures</Filter>
    </ClInclude>
    <ClInclude Include="PlaneChecker.h">
      <Filter>Textures</Filter>
    </ClInclude>
    <ClInclude Include="TInstance.h">
      <Filter>Textures</Filter>
    </ClInclude>
    <ClInclude Include="LatticeNoise.h">
      <Filter>Textures NoiseBased</Filter>
    </ClInclude>
    <ClInclude Include="LinearNoise.h">
      <Filter>Textures NoiseBased</Filter>
    </ClInclude>
    <ClInclude Include="CubicNoise.h">
      <Filter>Textures NoiseBased</Filter>
    </ClInclude>
    <ClInclude Include="FBmTexture.h">
      <Filter>Textures NoiseBased</Filter>
    </ClInclude>
    <ClInclude Include="RampFBmTexture.h">
      <Filter>Textures NoiseBased</Filter>
    </ClInclude>
    <ClInclude Include="WrappedFBmTexture.h">
      <Filter>Textures NoiseBased</Filter>
    </ClInclude>
    <ClInclude Include="WrappedTwoColors.h">
      <Filter>Textures NoiseBased</Filter>
    </ClInclude>
    <ClInclude Include="Wood.h">
      <Filter>Textures NoiseBased</Filter>
    </ClInclude>
    <ClInclude Include="SV_Phong.h">
      <Filter>Materials</Filter>
    </ClInclude>
    <ClInclude Include="SV_GlossySpecular.h">
      <Filter>BRDFs</Filter>
    </ClInclude>
    <ClInclude Include="Orthographic.h">
      <Filter>Cameras</Filter>
    </ClInclude>
    <ClInclude Include="WireframeBox.h">
      <Filter>GeometricObjects\Compound Objects</Filter>
    </ClInclude>
    <ClInclude Include="ConvexPartCylinder.h">
      <Filter>GeometricObjects\Part Objects</Filter>
    </ClInclude>
    <ClInclude Include="OpenPartCylinder.h">
      <Filter>GeometricObjects\Part Objects</Filter>
    </ClInclude>
    <ClInclude Include="JitteredDirectional.h">
      <Filter>Lights</Filter>
    </ClInclude>
    <ClInclude Include="ConcaveSphere.h">
      <Filter>GeometricObjects\Primitives</Filter>
    </ClInclude>
    <ClInclude Include="ConcaveHemisphere.h">
      <Filter>GeometricObjects\Primitives</Filter>
    </ClInclude>
    <ClInclude Include="FakeSphericalLight.h">
      <Filter>Lights</Filter>
    </ClInclude>
    <ClInclude Include="FirstHit.h">
      <Filter>Tracers</Filter>
    </ClInclude>
    <ClInclude Include="OpenCone.h">
      <Filter>GeometricObjects\Primitives</Filter>
    </ClInclude>
    <ClInclude Include="ConeChecker.h">
      <Filter>Textures</Filter>
    </ClInclude>
    <ClInclude Include="Annulus.h">
      <Filter>GeometricObjects\Primitives</Filter>
    </ClInclude>
    <ClInclude Include="FlatRimmedBowl.h">
      <Filter>GeometricObjects\Compound Objects</Filter>
    </ClInclude>
    <ClInclude Include="ConcavePartSphere.h">
      <Filter>GeometricObjects\Part Objects</Filter>
    </ClInclude>
    <ClInclude Include="RoundRimmedBowl.h">
      <Filter>GeometricObjects\Compound Objects</Filter>
    </ClInclude>
    <ClInclude Include="ThickRing.h">
      <Filter>GeometricObjects\Compound Objects</Filter>
    </ClInclude>
    <ClInclude Include="BeveledRing.h">
      <Filter>GeometricObjects\Compound Objects</Filter>
    </ClInclude>
    <ClInclude Include="BeveledBox.h">
      <Filter>GeometricObjects\Compound Objects</Filter>
    </ClInclude>
    <ClInclude Include="BeveledWedge.h">
      <Filter>GeometricObjects\Compound Objects</Filter>
    </ClInclude>
    <ClInclude Include="SV_Emissive.h">
      <Filter>Materials</Filter>
    </ClInclude>
    <ClInclude Include="SphereMaterials.h">
      <Filter>Materials</Filter>
    </ClInclude>
    <ClInclude Include="SolidCone.h">
      <Filter>GeometricObjects\Compound Objects</Filter>
    </ClInclude>
    <ClInclude Include="SV_GlossyReflector.h">
      <Filter>Materials</Filter>
    </ClInclude>
    <ClInclude Include="ConcavePartCylinder.h">
      <Filter>GeometricObjects\Part Objects</Filter>
    </ClInclude>
    <ClInclude Include="BeveledBoxShell.h">
      <Filter>GeometricObjects\Compound Objects</Filter>
    </ClInclude>
    <ClInclude Include="ConvexOpenCylinder.h">
      <Filter>GeometricObjects\Primitives</Filter>
    </ClInclude>
    <ClInclude Include="ConcavePartTorus.h">
      <Filter>GeometricObjects\Part Objects</Filter>
    </ClInclude>
    <ClInclude Include="ConvexPartTorus.h">
      <Filter>GeometricObjects\Part Objects</Filter>
    </ClInclude>
    <ClInclude Include="HemisphericalMap.h">
      <Filter>Mappings</Filter>
    </ClInclude>
    <ClInclude Include="ProductJar.h">
      <Filter>GeometricObjects\Compound Objects</Filter>
    </ClInclude>
    <ClInclude Include="CutCube.h">
      <Filter>GeometricObjects</Filter>
    </ClInclude>
    <ClInclude Include="CylinderChecker.h">
      <Filter>Textures</Filter>
    </ClInclude>
    <ClInclude Include="DiskChecker.h">
      <Filter>Textures</Filter>
    </ClInclude>
    <ClInclude Include="RectangleChecker.h">
      <Filter>Textures</Filter>
    </ClInclude>
    <ClInclude Include="TurbulenceTexture.h">
      <Filter>Textures NoiseBased</Filter>
    </ClInclude>
    <ClInclude Include="SphereTextures.h">
      <Filter>Textures</Filter>
    </ClInclude>
    <ClInclude Include="WrappedThreeColors.h">
      <Filter>Textures NoiseBased</Filter>
    </ClInclude>
    <ClInclude Include="NestedNoisesTexture.h">
      <Filter>Textures NoiseBased</Filter>
    </ClInclude>
    <ClInclude Include="WrappedRamp.h">
      <Filter>Textures NoiseBased</Filter>
    </ClInclude>
    <ClInclude Include="PartAnnulus.h">
      <Filter>GeometricObjects\Part Objects</Filter>
    </ClInclude>
    <ClInclude Include="Rosette.h">
      <Filter>GeometricObjects\Compound Objects</Filter>
    </ClInclude>
    <ClInclude Include="Archway.h">
      <Filter>GeometricObjects\Compound Objects</Filter>
    </ClInclude>
    <ClInclude Include="AnotherRosette.h">
      <Filter>GeometricObjects\Compound Objects</Filter>
    </ClInclude>
    <ClInclude Include="SV_Reflector.h">
      <Filter>Materials</Filter>
    </ClInclude>
    <ClInclude Include="SV_PerfectSpecular.h">
      <Filter>BRDFs</Filter>
    </ClInclude>
  </ItemGroup>
</Project>